
Microsoft Visual Studio Solution File, Format Version 12.00
# Visual Studio 15
VisualStudioVersion = 15.0.27130.2036
MinimumVisualStudioVersion = 10.0.40219.1
Project("{FAE04EC0-301F-11D3-BF4B-00C04F79EFBC}") = "Formula", "Formula\Formula.csproj", "{D43D998C-9797-4CF4-9BB0-6DE22753849A}"
EndProject
Project("{9A19103F-16F7-4668-BE54-9A1E7A4F7556}") = "FormulaSimpleTest", "FormulaSimpleTest\FormulaSimpleTest.csproj", "{D2B178C1-979A-4C6F-B411-486D1D8C37D6}"
EndProject
Project("{FAE04EC0-301F-11D3-BF4B-00C04F79EFBC}") = "DependencyGraph", "DependencyGraph\DependencyGraph.csproj", "{862EAD85-346F-4D2B-A53C-98074FF813BA}"
EndProject
Project("{9A19103F-16F7-4668-BE54-9A1E7A4F7556}") = "DependencyGraphTestCases", "DependencyGraphTestCases\DependencyGraphTestCases.csproj", "{BFA05F22-A949-4732-8B3A-72134747695A}"
EndProject
Project("{9A19103F-16F7-4668-BE54-9A1E7A4F7556}") = "PS3GradingTests", "PS3GradingTests\PS3GradingTests.csproj", "{28D0843F-0A55-452C-85EF-4242D6B3527C}"
EndProject
Project("{9A19103F-16F7-4668-BE54-9A1E7A4F7556}") = "SpreadsheetTests", "SpreadsheetTests\SpreadsheetTests.csproj", "{15A7B22B-A8FD-4BAF-89D3-FADCD2B62A97}"
EndProject
Project("{9A19103F-16F7-4668-BE54-9A1E7A4F7556}") = "PS6GragingTests", "PS6GragingTests\PS6GragingTests.csproj", "{49F37529-E2F8-4DB3-B634-A03B8EF277D2}"
EndProject
Project("{FAE04EC0-301F-11D3-BF4B-00C04F79EFBC}") = "SpreadsheetDemo", "SpreadsheetDemo\SpreadsheetDemo.csproj", "{7069D83A-3933-4135-922B-76F754740A00}"
EndProject
Project("{FAE04EC0-301F-11D3-BF4B-00C04F79EFBC}") = "SpreadsheetPanel", "SpreadsheetPanel\SpreadsheetPanel.csproj", "{F31299DC-288F-4E46-A3AF-6BF461B21C79}"
EndProject
Project("{FAE04EC0-301F-11D3-BF4B-00C04F79EFBC}") = "SpreadsheetGUI", "SpreadsheetGUI\SpreadsheetGUI.csproj", "{F9EA1EAB-5795-46C7-9E75-AD5EA7BD6173}"
EndProject
Project("{FAE04EC0-301F-11D3-BF4B-00C04F79EFBC}") = "Spreadsheet", "Spreadsheet\Spreadsheet.csproj", "{9025A594-DF2A-4E6A-B8C2-F087ECC3E203}"
EndProject
Project("{FAE04EC0-301F-11D3-BF4B-00C04F79EFBC}") = "PS7Tester", "PS7Tester\PS7Tester.csproj", "{364C28D9-7446-4B7D-A2AB-E351B04A68E3}"
EndProject
Global
	GlobalSection(SolutionConfigurationPlatforms) = preSolution
		Debug|Any CPU = Debug|Any CPU
		Debug|x86 = Debug|x86
		Release|Any CPU = Release|Any CPU
		Release|x86 = Release|x86
	EndGlobalSection
	GlobalSection(ProjectConfigurationPlatforms) = postSolution
		{D43D998C-9797-4CF4-9BB0-6DE22753849A}.Debug|Any CPU.ActiveCfg = Debug|Any CPU
		{D43D998C-9797-4CF4-9BB0-6DE22753849A}.Debug|Any CPU.Build.0 = Debug|Any CPU
		{D43D998C-9797-4CF4-9BB0-6DE22753849A}.Debug|x86.ActiveCfg = Debug|Any CPU
		{D43D998C-9797-4CF4-9BB0-6DE22753849A}.Debug|x86.Build.0 = Debug|Any CPU
		{D43D998C-9797-4CF4-9BB0-6DE22753849A}.Release|Any CPU.ActiveCfg = Release|Any CPU
		{D43D998C-9797-4CF4-9BB0-6DE22753849A}.Release|x86.ActiveCfg = Release|Any CPU
		{D43D998C-9797-4CF4-9BB0-6DE22753849A}.Release|x86.Build.0 = Release|Any CPU
		{D2B178C1-979A-4C6F-B411-486D1D8C37D6}.Debug|Any CPU.ActiveCfg = Debug|Any CPU
		{D2B178C1-979A-4C6F-B411-486D1D8C37D6}.Debug|x86.ActiveCfg = Debug|Any CPU
		{D2B178C1-979A-4C6F-B411-486D1D8C37D6}.Debug|x86.Build.0 = Debug|Any CPU
		{D2B178C1-979A-4C6F-B411-486D1D8C37D6}.Release|Any CPU.ActiveCfg = Release|Any CPU
		{D2B178C1-979A-4C6F-B411-486D1D8C37D6}.Release|x86.ActiveCfg = Release|Any CPU
		{D2B178C1-979A-4C6F-B411-486D1D8C37D6}.Release|x86.Build.0 = Release|Any CPU
		{862EAD85-346F-4D2B-A53C-98074FF813BA}.Debug|Any CPU.ActiveCfg = Debug|Any CPU
		{862EAD85-346F-4D2B-A53C-98074FF813BA}.Debug|Any CPU.Build.0 = Debug|Any CPU
		{862EAD85-346F-4D2B-A53C-98074FF813BA}.Debug|x86.ActiveCfg = Debug|Any CPU
		{862EAD85-346F-4D2B-A53C-98074FF813BA}.Debug|x86.Build.0 = Debug|Any CPU
		{862EAD85-346F-4D2B-A53C-98074FF813BA}.Release|Any CPU.ActiveCfg = Release|Any CPU
		{862EAD85-346F-4D2B-A53C-98074FF813BA}.Release|x86.ActiveCfg = Release|Any CPU
		{862EAD85-346F-4D2B-A53C-98074FF813BA}.Release|x86.Build.0 = Release|Any CPU
		{BFA05F22-A949-4732-8B3A-72134747695A}.Debug|Any CPU.ActiveCfg = Debug|Any CPU
		{BFA05F22-A949-4732-8B3A-72134747695A}.Debug|x86.ActiveCfg = Debug|Any CPU
		{BFA05F22-A949-4732-8B3A-72134747695A}.Debug|x86.Build.0 = Debug|Any CPU
		{BFA05F22-A949-4732-8B3A-72134747695A}.Release|Any CPU.ActiveCfg = Release|Any CPU
		{BFA05F22-A949-4732-8B3A-72134747695A}.Release|x86.ActiveCfg = Release|Any CPU
		{BFA05F22-A949-4732-8B3A-72134747695A}.Release|x86.Build.0 = Release|Any CPU
		{28D0843F-0A55-452C-85EF-4242D6B3527C}.Debug|Any CPU.ActiveCfg = Debug|Any CPU
		{28D0843F-0A55-452C-85EF-4242D6B3527C}.Debug|x86.ActiveCfg = Debug|Any CPU
		{28D0843F-0A55-452C-85EF-4242D6B3527C}.Debug|x86.Build.0 = Debug|Any CPU
		{28D0843F-0A55-452C-85EF-4242D6B3527C}.Release|Any CPU.ActiveCfg = Release|Any CPU
		{28D0843F-0A55-452C-85EF-4242D6B3527C}.Release|x86.ActiveCfg = Release|Any CPU
		{28D0843F-0A55-452C-85EF-4242D6B3527C}.Release|x86.Build.0 = Release|Any CPU
		{15A7B22B-A8FD-4BAF-89D3-FADCD2B62A97}.Debug|Any CPU.ActiveCfg = Debug|Any CPU
		{15A7B22B-A8FD-4BAF-89D3-FADCD2B62A97}.Debug|x86.ActiveCfg = Debug|Any CPU
		{15A7B22B-A8FD-4BAF-89D3-FADCD2B62A97}.Debug|x86.Build.0 = Debug|Any CPU
		{15A7B22B-A8FD-4BAF-89D3-FADCD2B62A97}.Release|Any CPU.ActiveCfg = Release|Any CPU
		{15A7B22B-A8FD-4BAF-89D3-FADCD2B62A97}.Release|x86.ActiveCfg = Release|Any CPU
		{15A7B22B-A8FD-4BAF-89D3-FADCD2B62A97}.Release|x86.Build.0 = Release|Any CPU
		{49F37529-E2F8-4DB3-B634-A03B8EF277D2}.Debug|Any CPU.ActiveCfg = Debug|Any CPU
		{49F37529-E2F8-4DB3-B634-A03B8EF277D2}.Debug|x86.ActiveCfg = Debug|Any CPU
		{49F37529-E2F8-4DB3-B634-A03B8EF277D2}.Debug|x86.Build.0 = Debug|Any CPU
		{49F37529-E2F8-4DB3-B634-A03B8EF277D2}.Release|Any CPU.ActiveCfg = Release|Any CPU
		{49F37529-E2F8-4DB3-B634-A03B8EF277D2}.Release|x86.ActiveCfg = Release|Any CPU
		{49F37529-E2F8-4DB3-B634-A03B8EF277D2}.Release|x86.Build.0 = Release|Any CPU
		{7069D83A-3933-4135-922B-76F754740A00}.Debug|Any CPU.ActiveCfg = Debug|Any CPU
		{7069D83A-3933-4135-922B-76F754740A00}.Debug|Any CPU.Build.0 = Debug|Any CPU
		{7069D83A-3933-4135-922B-76F754740A00}.Debug|x86.ActiveCfg = Debug|x86
		{7069D83A-3933-4135-922B-76F754740A00}.Debug|x86.Build.0 = Debug|x86
		{7069D83A-3933-4135-922B-76F754740A00}.Release|Any CPU.ActiveCfg = Release|Any CPU
		{7069D83A-3933-4135-922B-76F754740A00}.Release|Any CPU.Build.0 = Release|Any CPU
		{7069D83A-3933-4135-922B-76F754740A00}.Release|x86.ActiveCfg = Release|x86
		{7069D83A-3933-4135-922B-76F754740A00}.Release|x86.Build.0 = Release|x86
		{F31299DC-288F-4E46-A3AF-6BF461B21C79}.Debug|Any CPU.ActiveCfg = Debug|Any CPU
		{F31299DC-288F-4E46-A3AF-6BF461B21C79}.Debug|Any CPU.Build.0 = Debug|Any CPU
		{F31299DC-288F-4E46-A3AF-6BF461B21C79}.Debug|x86.ActiveCfg = Debug|x86
		{F31299DC-288F-4E46-A3AF-6BF461B21C79}.Debug|x86.Build.0 = Debug|x86
		{F31299DC-288F-4E46-A3AF-6BF461B21C79}.Release|Any CPU.ActiveCfg = Release|Any CPU
		{F31299DC-288F-4E46-A3AF-6BF461B21C79}.Release|Any CPU.Build.0 = Release|Any CPU
		{F31299DC-288F-4E46-A3AF-6BF461B21C79}.Release|x86.ActiveCfg = Release|x86
		{F31299DC-288F-4E46-A3AF-6BF461B21C79}.Release|x86.Build.0 = Release|x86
		{F9EA1EAB-5795-46C7-9E75-AD5EA7BD6173}.Debug|Any CPU.ActiveCfg = Debug|Any CPU
		{F9EA1EAB-5795-46C7-9E75-AD5EA7BD6173}.Debug|Any CPU.Build.0 = Debug|Any CPU
		{F9EA1EAB-5795-46C7-9E75-AD5EA7BD6173}.Debug|x86.ActiveCfg = Debug|Any CPU
		{F9EA1EAB-5795-46C7-9E75-AD5EA7BD6173}.Debug|x86.Build.0 = Debug|Any CPU
		{F9EA1EAB-5795-46C7-9E75-AD5EA7BD6173}.Release|Any CPU.ActiveCfg = Release|Any CPU
		{F9EA1EAB-5795-46C7-9E75-AD5EA7BD6173}.Release|Any CPU.Build.0 = Release|Any CPU
		{F9EA1EAB-5795-46C7-9E75-AD5EA7BD6173}.Release|x86.ActiveCfg = Release|Any CPU
		{F9EA1EAB-5795-46C7-9E75-AD5EA7BD6173}.Release|x86.Build.0 = Release|Any CPU
		{9025A594-DF2A-4E6A-B8C2-F087ECC3E203}.Debug|Any CPU.ActiveCfg = Debug|Any CPU
		{9025A594-DF2A-4E6A-B8C2-F087ECC3E203}.Debug|Any CPU.Build.0 = Debug|Any CPU
		{9025A594-DF2A-4E6A-B8C2-F087ECC3E203}.Debug|x86.ActiveCfg = Debug|Any CPU
		{9025A594-DF2A-4E6A-B8C2-F087ECC3E203}.Debug|x86.Build.0 = Debug|Any CPU
		{9025A594-DF2A-4E6A-B8C2-F087ECC3E203}.Release|Any CPU.ActiveCfg = Release|Any CPU
		{9025A594-DF2A-4E6A-B8C2-F087ECC3E203}.Release|Any CPU.Build.0 = Release|Any CPU
		{9025A594-DF2A-4E6A-B8C2-F087ECC3E203}.Release|x86.ActiveCfg = Release|Any CPU
		{9025A594-DF2A-4E6A-B8C2-F087ECC3E203}.Release|x86.Build.0 = Release|Any CPU
		{364C28D9-7446-4B7D-A2AB-E351B04A68E3}.Debug|Any CPU.ActiveCfg = Debug|Any CPU
		{364C28D9-7446-4B7D-A2AB-E351B04A68E3}.Debug|Any CPU.Build.0 = Debug|Any CPU
		{364C28D9-7446-4B7D-A2AB-E351B04A68E3}.Debug|x86.ActiveCfg = Debug|Any CPU
		{364C28D9-7446-4B7D-A2AB-E351B04A68E3}.Debug|x86.Build.0 = Debug|Any CPU
		{364C28D9-7446-4B7D-A2AB-E351B04A68E3}.Release|Any CPU.ActiveCfg = Release|Any CPU
		{364C28D9-7446-4B7D-A2AB-E351B04A68E3}.Release|Any CPU.Build.0 = Release|Any CPU
		{364C28D9-7446-4B7D-A2AB-E351B04A68E3}.Release|x86.ActiveCfg = Release|Any CPU
		{364C28D9-7446-4B7D-A2AB-E351B04A68E3}.Release|x86.Build.0 = Release|Any CPU
	EndGlobalSection
	GlobalSection(SolutionProperties) = preSolution
		HideSolutionNode = FALSE
	EndGlobalSection
	GlobalSection(ExtensibilityGlobals) = postSolution
		SolutionGuid = {6C2740EA-3162-446C-BA2B-0EA5A7BE07C2}
	EndGlobalSection
EndGlobal
